// !$*UTF8*$!
{
	archiveVersion = 1;
	classes = {
	};
	objectVersion = 55;
	objects = {

/* Begin PBXBuildFile section */
		75FA248128B93CE000F09041 /* AppDelegate.swift in Sources */ = {isa = PBXBuildFile; fileRef = 75FA248028B93CE000F09041 /* AppDelegate.swift */; };
		75FA248328B93CE000F09041 /* SceneDelegate.swift in Sources */ = {isa = PBXBuildFile; fileRef = 75FA248228B93CE000F09041 /* SceneDelegate.swift */; };
		75FA248528B93CE000F09041 /* EmployeeListViewController.swift in Sources */ = {isa = PBXBuildFile; fileRef = 75FA248428B93CE000F09041 /* EmployeeListViewController.swift */; };
		75FA248828B93CE000F09041 /* Main.storyboard in Resources */ = {isa = PBXBuildFile; fileRef = 75FA248628B93CE000F09041 /* Main.storyboard */; };
		75FA248A28B93CE300F09041 /* Assets.xcassets in Resources */ = {isa = PBXBuildFile; fileRef = 75FA248928B93CE300F09041 /* Assets.xcassets */; };
		75FA248D28B93CE300F09041 /* LaunchScreen.storyboard in Resources */ = {isa = PBXBuildFile; fileRef = 75FA248B28B93CE300F09041 /* LaunchScreen.storyboard */; };
		771DB78A29F8900600E78558 /* Employee.swift in Sources */ = {isa = PBXBuildFile; fileRef = 771DB78929F8900600E78558 /* Employee.swift */; };
		771DB78D29F8904700E78558 /* EmployeeController.swift in Sources */ = {isa = PBXBuildFile; fileRef = 771DB78C29F8904700E78558 /* EmployeeController.swift */; };
		775D7F2F2A0349D400AE283C /* EmployeeTaskViewController.swift in Sources */ = {isa = PBXBuildFile; fileRef = 775D7F2E2A0349D400AE283C /* EmployeeTaskViewController.swift */; };
		775D7F312A03594A00AE283C /* TaskTableViewCell.swift in Sources */ = {isa = PBXBuildFile; fileRef = 775D7F302A03594A00AE283C /* TaskTableViewCell.swift */; };
		775D7F332A035D7D00AE283C /* ImageUtil.swift in Sources */ = {isa = PBXBuildFile; fileRef = 775D7F322A035D7D00AE283C /* ImageUtil.swift */; };
		775D7F362A03618700AE283C /* TaskTableViewCellDelegate.swift in Sources */ = {isa = PBXBuildFile; fileRef = 775D7F352A03618700AE283C /* TaskTableViewCellDelegate.swift */; };
		775D7F382A03665400AE283C /* SettingsItem.swift in Sources */ = {isa = PBXBuildFile; fileRef = 775D7F372A03665400AE283C /* SettingsItem.swift */; };
		775D7F3A2A03670500AE283C /* SettingsTableViewCell.swift in Sources */ = {isa = PBXBuildFile; fileRef = 775D7F392A03670500AE283C /* SettingsTableViewCell.swift */; };
		775D7F3C2A0367EC00AE283C /* SettingsTableViewController.swift in Sources */ = {isa = PBXBuildFile; fileRef = 775D7F3B2A0367EC00AE283C /* SettingsTableViewController.swift */; };
		77B1A5ED2A09BE77007810C9 /* DisclosureTableViewCell.swift in Sources */ = {isa = PBXBuildFile; fileRef = 77B1A5EC2A09BE77007810C9 /* DisclosureTableViewCell.swift */; };
		77B1A5EF2A09C861007810C9 /* DefaultTaskItems.storyboard in Resources */ = {isa = PBXBuildFile; fileRef = 77B1A5EE2A09C861007810C9 /* DefaultTaskItems.storyboard */; };
		77B1A5F12A09C90D007810C9 /* DefaultItemsViewController.swift in Sources */ = {isa = PBXBuildFile; fileRef = 77B1A5F02A09C90D007810C9 /* DefaultItemsViewController.swift */; };
		77B1A5F32A09CAC1007810C9 /* DefaultItemsCollectionViewCell.swift in Sources */ = {isa = PBXBuildFile; fileRef = 77B1A5F22A09CAC1007810C9 /* DefaultItemsCollectionViewCell.swift */; };
		77B1A5F52A09D673007810C9 /* DefaultTaskController.swift in Sources */ = {isa = PBXBuildFile; fileRef = 77B1A5F42A09D673007810C9 /* DefaultTaskController.swift */; };
		77C8E31029FE8A4700C59297 /* SmallBizUtil.swift in Sources */ = {isa = PBXBuildFile; fileRef = 77C8E30F29FE8A4700C59297 /* SmallBizUtil.swift */; };
		77C8E3122A02C44600C59297 /* Task.swift in Sources */ = {isa = PBXBuildFile; fileRef = 77C8E3112A02C44600C59297 /* Task.swift */; };
		77C8E3142A02C48300C59297 /* FileManagerUtil.swift in Sources */ = {isa = PBXBuildFile; fileRef = 77C8E3132A02C48300C59297 /* FileManagerUtil.swift */; };
		77C8E3162A02C5FD00C59297 /* TaskController.swift in Sources */ = {isa = PBXBuildFile; fileRef = 77C8E3152A02C5FD00C59297 /* TaskController.swift */; };
		77C8E3182A02C8D000C59297 /* EmployeeTaskList.storyboard in Resources */ = {isa = PBXBuildFile; fileRef = 77C8E3172A02C8D000C59297 /* EmployeeTaskList.storyboard */; };
/* End PBXBuildFile section */

/* Begin PBXFileReference section */
		75FA247D28B93CE000F09041 /* SmallBiz.app */ = {isa = PBXFileReference; explicitFileType = wrapper.application; includeInIndex = 0; path = SmallBiz.app; sourceTree = BUILT_PRODUCTS_DIR; };
		75FA248028B93CE000F09041 /* AppDelegate.swift */ = {isa = PBXFileReference; lastKnownFileType = sourcecode.swift; path = AppDelegate.swift; sourceTree = "<group>"; };
		75FA248228B93CE000F09041 /* SceneDelegate.swift */ = {isa = PBXFileReference; lastKnownFileType = sourcecode.swift; path = SceneDelegate.swift; sourceTree = "<group>"; };
		75FA248428B93CE000F09041 /* EmployeeListViewController.swift */ = {isa = PBXFileReference; lastKnownFileType = sourcecode.swift; path = EmployeeListViewController.swift; sourceTree = "<group>"; };
		75FA248728B93CE000F09041 /* Base */ = {isa = PBXFileReference; lastKnownFileType = file.storyboard; name = Base; path = Base.lproj/Main.storyboard; sourceTree = "<group>"; };
		75FA248928B93CE300F09041 /* Assets.xcassets */ = {isa = PBXFileReference; lastKnownFileType = folder.assetcatalog; path = Assets.xcassets; sourceTree = "<group>"; };
		75FA248C28B93CE300F09041 /* Base */ = {isa = PBXFileReference; lastKnownFileType = file.storyboard; name = Base; path = Base.lproj/LaunchScreen.storyboard; sourceTree = "<group>"; };
		75FA248E28B93CE300F09041 /* Info.plist */ = {isa = PBXFileReference; lastKnownFileType = text.plist.xml; path = Info.plist; sourceTree = "<group>"; };
		771DB78929F8900600E78558 /* Employee.swift */ = {isa = PBXFileReference; lastKnownFileType = sourcecode.swift; path = Employee.swift; sourceTree = "<group>"; };
		771DB78C29F8904700E78558 /* EmployeeController.swift */ = {isa = PBXFileReference; lastKnownFileType = sourcecode.swift; path = EmployeeController.swift; sourceTree = "<group>"; };
		775D7F2E2A0349D400AE283C /* EmployeeTaskViewController.swift */ = {isa = PBXFileReference; lastKnownFileType = sourcecode.swift; path = EmployeeTaskViewController.swift; sourceTree = "<group>"; };
		775D7F302A03594A00AE283C /* TaskTableViewCell.swift */ = {isa = PBXFileReference; lastKnownFileType = sourcecode.swift; path = TaskTableViewCell.swift; sourceTree = "<group>"; };
		775D7F322A035D7D00AE283C /* ImageUtil.swift */ = {isa = PBXFileReference; lastKnownFileType = sourcecode.swift; path = ImageUtil.swift; sourceTree = "<group>"; };
		775D7F352A03618700AE283C /* TaskTableViewCellDelegate.swift */ = {isa = PBXFileReference; lastKnownFileType = sourcecode.swift; path = TaskTableViewCellDelegate.swift; sourceTree = "<group>"; };
		775D7F372A03665400AE283C /* SettingsItem.swift */ = {isa = PBXFileReference; lastKnownFileType = sourcecode.swift; path = SettingsItem.swift; sourceTree = "<group>"; };
		775D7F392A03670500AE283C /* SettingsTableViewCell.swift */ = {isa = PBXFileReference; lastKnownFileType = sourcecode.swift; path = SettingsTableViewCell.swift; sourceTree = "<group>"; };
		775D7F3B2A0367EC00AE283C /* SettingsTableViewController.swift */ = {isa = PBXFileReference; lastKnownFileType = sourcecode.swift; path = SettingsTableViewController.swift; sourceTree = "<group>"; };
		77B1A5EC2A09BE77007810C9 /* DisclosureTableViewCell.swift */ = {isa = PBXFileReference; lastKnownFileType = sourcecode.swift; path = DisclosureTableViewCell.swift; sourceTree = "<group>"; };
		77B1A5EE2A09C861007810C9 /* DefaultTaskItems.storyboard */ = {isa = PBXFileReference; lastKnownFileType = file.storyboard; path = DefaultTaskItems.storyboard; sourceTree = "<group>"; };
		77B1A5F02A09C90D007810C9 /* DefaultItemsViewController.swift */ = {isa = PBXFileReference; lastKnownFileType = sourcecode.swift; path = DefaultItemsViewController.swift; sourceTree = "<group>"; };
		77B1A5F22A09CAC1007810C9 /* DefaultItemsCollectionViewCell.swift */ = {isa = PBXFileReference; lastKnownFileType = sourcecode.swift; path = DefaultItemsCollectionViewCell.swift; sourceTree = "<group>"; };
		77B1A5F42A09D673007810C9 /* DefaultTaskController.swift */ = {isa = PBXFileReference; lastKnownFileType = sourcecode.swift; path = DefaultTaskController.swift; sourceTree = "<group>"; };
		77C8E30F29FE8A4700C59297 /* SmallBizUtil.swift */ = {isa = PBXFileReference; lastKnownFileType = sourcecode.swift; path = SmallBizUtil.swift; sourceTree = "<group>"; };
		77C8E3112A02C44600C59297 /* Task.swift */ = {isa = PBXFileReference; lastKnownFileType = sourcecode.swift; path = Task.swift; sourceTree = "<group>"; };
		77C8E3132A02C48300C59297 /* FileManagerUtil.swift */ = {isa = PBXFileReference; lastKnownFileType = sourcecode.swift; path = FileManagerUtil.swift; sourceTree = "<group>"; };
		77C8E3152A02C5FD00C59297 /* TaskController.swift */ = {isa = PBXFileReference; lastKnownFileType = sourcecode.swift; path = TaskController.swift; sourceTree = "<group>"; };
		77C8E3172A02C8D000C59297 /* EmployeeTaskList.storyboard */ = {isa = PBXFileReference; lastKnownFileType = file.storyboard; path = EmployeeTaskList.storyboard; sourceTree = "<group>"; };
/* End PBXFileReference section */

/* Begin PBXFrameworksBuildPhase section */
		75FA247A28B93CE000F09041 /* Frameworks */ = {
			isa = PBXFrameworksBuildPhase;
			buildActionMask = 2147483647;
			files = (
			);
			runOnlyForDeploymentPostprocessing = 0;
		};
/* End PBXFrameworksBuildPhase section */

/* Begin PBXGroup section */
		75FA247428B93CE000F09041 = {
			isa = PBXGroup;
			children = (
				75FA247F28B93CE000F09041 /* SmallBiz */,
				75FA247E28B93CE000F09041 /* Products */,
			);
			sourceTree = "<group>";
		};
		75FA247E28B93CE000F09041 /* Products */ = {
			isa = PBXGroup;
			children = (
				75FA247D28B93CE000F09041 /* SmallBiz.app */,
			);
			name = Products;
			sourceTree = "<group>";
		};
		75FA247F28B93CE000F09041 /* SmallBiz */ = {
			isa = PBXGroup;
			children = (
				775D7F342A03617100AE283C /* Protocols */,
				77C8E30E29FE8A2A00C59297 /* Utils */,
				771DB78B29F8903B00E78558 /* Controllers */,
				771DB78829F88FF300E78558 /* DataModels */,
				75FA248028B93CE000F09041 /* AppDelegate.swift */,
				75FA248228B93CE000F09041 /* SceneDelegate.swift */,
				75FA248428B93CE000F09041 /* EmployeeListViewController.swift */,
				775D7F2E2A0349D400AE283C /* EmployeeTaskViewController.swift */,
				75FA248628B93CE000F09041 /* Main.storyboard */,
				77B1A5F02A09C90D007810C9 /* DefaultItemsViewController.swift */,
				77B1A5EE2A09C861007810C9 /* DefaultTaskItems.storyboard */,
				77B1A5F22A09CAC1007810C9 /* DefaultItemsCollectionViewCell.swift */,
				775D7F3B2A0367EC00AE283C /* SettingsTableViewController.swift */,
				77C8E3172A02C8D000C59297 /* EmployeeTaskList.storyboard */,
				75FA248928B93CE300F09041 /* Assets.xcassets */,
				75FA248B28B93CE300F09041 /* LaunchScreen.storyboard */,
				75FA248E28B93CE300F09041 /* Info.plist */,
				775D7F302A03594A00AE283C /* TaskTableViewCell.swift */,
				775D7F392A03670500AE283C /* SettingsTableViewCell.swift */,
				77B1A5EC2A09BE77007810C9 /* DisclosureTableViewCell.swift */,
			);
			path = SmallBiz;
			sourceTree = "<group>";
		};
		771DB78829F88FF300E78558 /* DataModels */ = {
			isa = PBXGroup;
			children = (
				771DB78929F8900600E78558 /* Employee.swift */,
				77C8E3112A02C44600C59297 /* Task.swift */,
				775D7F372A03665400AE283C /* SettingsItem.swift */,
			);
			path = DataModels;
			sourceTree = "<group>";
		};
		771DB78B29F8903B00E78558 /* Controllers */ = {
			isa = PBXGroup;
			children = (
				771DB78C29F8904700E78558 /* EmployeeController.swift */,
				77C8E3152A02C5FD00C59297 /* TaskController.swift */,
				77B1A5F42A09D673007810C9 /* DefaultTaskController.swift */,
			);
			path = Controllers;
			sourceTree = "<group>";
		};
		775D7F342A03617100AE283C /* Protocols */ = {
			isa = PBXGroup;
			children = (
				775D7F352A03618700AE283C /* TaskTableViewCellDelegate.swift */,
			);
			path = Protocols;
			sourceTree = "<group>";
		};
		77C8E30E29FE8A2A00C59297 /* Utils */ = {
			isa = PBXGroup;
			children = (
				77C8E30F29FE8A4700C59297 /* SmallBizUtil.swift */,
				77C8E3132A02C48300C59297 /* FileManagerUtil.swift */,
				775D7F322A035D7D00AE283C /* ImageUtil.swift */,
			);
			path = Utils;
			sourceTree = "<group>";
		};
/* End PBXGroup section */

/* Begin PBXNativeTarget section */
		75FA247C28B93CE000F09041 /* SmallBiz */ = {
			isa = PBXNativeTarget;
			buildConfigurationList = 75FA249128B93CE300F09041 /* Build configuration list for PBXNativeTarget "SmallBiz" */;
			buildPhases = (
				75FA247928B93CE000F09041 /* Sources */,
				75FA247A28B93CE000F09041 /* Frameworks */,
				75FA247B28B93CE000F09041 /* Resources */,
			);
			buildRules = (
			);
			dependencies = (
			);
			name = SmallBiz;
			productName = SmallBiz;
			productReference = 75FA247D28B93CE000F09041 /* SmallBiz.app */;
			productType = "com.apple.product-type.application";
		};
/* End PBXNativeTarget section */

/* Begin PBXProject section */
		75FA247528B93CE000F09041 /* Project object */ = {
			isa = PBXProject;
			attributes = {
				BuildIndependentTargetsInParallel = 1;
				LastSwiftUpdateCheck = 1340;
				LastUpgradeCheck = 1340;
				TargetAttributes = {
					75FA247C28B93CE000F09041 = {
						CreatedOnToolsVersion = 13.4.1;
					};
				};
			};
			buildConfigurationList = 75FA247828B93CE000F09041 /* Build configuration list for PBXProject "SmallBiz" */;
			compatibilityVersion = "Xcode 13.0";
			developmentRegion = en;
			hasScannedForEncodings = 0;
			knownRegions = (
				en,
				Base,
			);
			mainGroup = 75FA247428B93CE000F09041;
			productRefGroup = 75FA247E28B93CE000F09041 /* Products */;
			projectDirPath = "";
			projectRoot = "";
			targets = (
				75FA247C28B93CE000F09041 /* SmallBiz */,
			);
		};
/* End PBXProject section */

/* Begin PBXResourcesBuildPhase section */
		75FA247B28B93CE000F09041 /* Resources */ = {
			isa = PBXResourcesBuildPhase;
			buildActionMask = 2147483647;
			files = (
				77B1A5EF2A09C861007810C9 /* DefaultTaskItems.storyboard in Resources */,
				75FA248D28B93CE300F09041 /* LaunchScreen.storyboard in Resources */,
				77C8E3182A02C8D000C59297 /* EmployeeTaskList.storyboard in Resources */,
				75FA248A28B93CE300F09041 /* Assets.xcassets in Resources */,
				75FA248828B93CE000F09041 /* Main.storyboard in Resources */,
			);
			runOnlyForDeploymentPostprocessing = 0;
		};
/* End PBXResourcesBuildPhase section */

/* Begin PBXSourcesBuildPhase section */
		75FA247928B93CE000F09041 /* Sources */ = {
			isa = PBXSourcesBuildPhase;
			buildActionMask = 2147483647;
			files = (
				75FA248528B93CE000F09041 /* EmployeeListViewController.swift in Sources */,
				77C8E3142A02C48300C59297 /* FileManagerUtil.swift in Sources */,
				775D7F312A03594A00AE283C /* TaskTableViewCell.swift in Sources */,
				775D7F332A035D7D00AE283C /* ImageUtil.swift in Sources */,
				771DB78A29F8900600E78558 /* Employee.swift in Sources */,
				75FA248128B93CE000F09041 /* AppDelegate.swift in Sources */,
				77C8E3162A02C5FD00C59297 /* TaskController.swift in Sources */,
				77C8E31029FE8A4700C59297 /* SmallBizUtil.swift in Sources */,
				775D7F3A2A03670500AE283C /* SettingsTableViewCell.swift in Sources */,
				771DB78D29F8904700E78558 /* EmployeeController.swift in Sources */,
				775D7F382A03665400AE283C /* SettingsItem.swift in Sources */,
				77C8E3122A02C44600C59297 /* Task.swift in Sources */,
				775D7F3C2A0367EC00AE283C /* SettingsTableViewController.swift in Sources */,
				77B1A5ED2A09BE77007810C9 /* DisclosureTableViewCell.swift in Sources */,
				77B1A5F52A09D673007810C9 /* DefaultTaskController.swift in Sources */,
				77B1A5F12A09C90D007810C9 /* DefaultItemsViewController.swift in Sources */,
				775D7F362A03618700AE283C /* TaskTableViewCellDelegate.swift in Sources */,
				77B1A5F32A09CAC1007810C9 /* DefaultItemsCollectionViewCell.swift in Sources */,
				775D7F2F2A0349D400AE283C /* EmployeeTaskViewController.swift in Sources */,
				75FA248328B93CE000F09041 /* SceneDelegate.swift in Sources */,
			);
			runOnlyForDeploymentPostprocessing = 0;
		};
/* End PBXSourcesBuildPhase section */

/* Begin PBXVariantGroup section */
		75FA248628B93CE000F09041 /* Main.storyboard */ = {
			isa = PBXVariantGroup;
			children = (
				75FA248728B93CE000F09041 /* Base */,
			);
			name = Main.storyboard;
			sourceTree = "<group>";
		};
		75FA248B28B93CE300F09041 /* LaunchScreen.storyboard */ = {
			isa = PBXVariantGroup;
			children = (
				75FA248C28B93CE300F09041 /* Base */,
			);
			name = LaunchScreen.storyboard;
			sourceTree = "<group>";
		};
/* End PBXVariantGroup section */

/* Begin XCBuildConfiguration section */
		75FA248F28B93CE300F09041 /* Debug */ = {
			isa = XCBuildConfiguration;
			buildSettings = {
				ALWAYS_SEARCH_USER_PATHS = NO;
				CLANG_ANALYZER_NONNULL = YES;
				CLANG_ANALYZER_NUMBER_OBJECT_CONVERSION = YES_AGGRESSIVE;
				CLANG_CXX_LANGUAGE_STANDARD = "gnu++17";
				CLANG_ENABLE_MODULES = YES;
				CLANG_ENABLE_OBJC_ARC = YES;
				CLANG_ENABLE_OBJC_WEAK = YES;
				CLANG_WARN_BLOCK_CAPTURE_AUTORELEASING = YES;
				CLANG_WARN_BOOL_CONVERSION = YES;
				CLANG_WARN_COMMA = YES;
				CLANG_WARN_CONSTANT_CONVERSION = YES;
				CLANG_WARN_DEPRECATED_OBJC_IMPLEMENTATIONS = YES;
				CLANG_WARN_DIRECT_OBJC_ISA_USAGE = YES_ERROR;
				CLANG_WARN_DOCUMENTATION_COMMENTS = YES;
				CLANG_WARN_EMPTY_BODY = YES;
				CLANG_WARN_ENUM_CONVERSION = YES;
				CLANG_WARN_INFINITE_RECURSION = YES;
				CLANG_WARN_INT_CONVERSION = YES;
				CLANG_WARN_NON_LITERAL_NULL_CONVERSION = YES;
				CLANG_WARN_OBJC_IMPLICIT_RETAIN_SELF = YES;
				CLANG_WARN_OBJC_LITERAL_CONVERSION = YES;
				CLANG_WARN_OBJC_ROOT_CLASS = YES_ERROR;
				CLANG_WARN_QUOTED_INCLUDE_IN_FRAMEWORK_HEADER = YES;
				CLANG_WARN_RANGE_LOOP_ANALYSIS = YES;
				CLANG_WARN_STRICT_PROTOTYPES = YES;
				CLANG_WARN_SUSPICIOUS_MOVE = YES;
				CLANG_WARN_UNGUARDED_AVAILABILITY = YES_AGGRESSIVE;
				CLANG_WARN_UNREACHABLE_CODE = YES;
				CLANG_WARN__DUPLICATE_METHOD_MATCH = YES;
				COPY_PHASE_STRIP = NO;
				DEBUG_INFORMATION_FORMAT = dwarf;
				ENABLE_STRICT_OBJC_MSGSEND = YES;
				ENABLE_TESTABILITY = YES;
				GCC_C_LANGUAGE_STANDARD = gnu11;
				GCC_DYNAMIC_NO_PIC = NO;
				GCC_NO_COMMON_BLOCKS = YES;
				GCC_OPTIMIZATION_LEVEL = 0;
				GCC_PREPROCESSOR_DEFINITIONS = (
					"DEBUG=1",
					"$(inherited)",
				);
				GCC_WARN_64_TO_32_BIT_CONVERSION = YES;
				GCC_WARN_ABOUT_RETURN_TYPE = YES_ERROR;
				GCC_WARN_UNDECLARED_SELECTOR = YES;
				GCC_WARN_UNINITIALIZED_AUTOS = YES_AGGRESSIVE;
				GCC_WARN_UNUSED_FUNCTION = YES;
				GCC_WARN_UNUSED_VARIABLE = YES;
				IPHONEOS_DEPLOYMENT_TARGET = 15.5;
				MTL_ENABLE_DEBUG_INFO = INCLUDE_SOURCE;
				MTL_FAST_MATH = YES;
				ONLY_ACTIVE_ARCH = YES;
				SDKROOT = iphoneos;
				SWIFT_ACTIVE_COMPILATION_CONDITIONS = DEBUG;
				SWIFT_OPTIMIZATION_LEVEL = "-Onone";
			};
			name = Debug;
		};
		75FA249028B93CE300F09041 /* Release */ = {
			isa = XCBuildConfiguration;
			buildSettings = {
				ALWAYS_SEARCH_USER_PATHS = NO;
				CLANG_ANALYZER_NONNULL = YES;
				CLANG_ANALYZER_NUMBER_OBJECT_CONVERSION = YES_AGGRESSIVE;
				CLANG_CXX_LANGUAGE_STANDARD = "gnu++17";
				CLANG_ENABLE_MODULES = YES;
				CLANG_ENABLE_OBJC_ARC = YES;
				CLANG_ENABLE_OBJC_WEAK = YES;
				CLANG_WARN_BLOCK_CAPTURE_AUTORELEASING = YES;
				CLANG_WARN_BOOL_CONVERSION = YES;
				CLANG_WARN_COMMA = YES;
				CLANG_WARN_CONSTANT_CONVERSION = YES;
				CLANG_WARN_DEPRECATED_OBJC_IMPLEMENTATIONS = YES;
				CLANG_WARN_DIRECT_OBJC_ISA_USAGE = YES_ERROR;
				CLANG_WARN_DOCUMENTATION_COMMENTS = YES;
				CLANG_WARN_EMPTY_BODY = YES;
				CLANG_WARN_ENUM_CONVERSION = YES;
				CLANG_WARN_INFINITE_RECURSION = YES;
				CLANG_WARN_INT_CONVERSION = YES;
				CLANG_WARN_NON_LITERAL_NULL_CONVERSION = YES;
				CLANG_WARN_OBJC_IMPLICIT_RETAIN_SELF = YES;
				CLANG_WARN_OBJC_LITERAL_CONVERSION = YES;
				CLANG_WARN_OBJC_ROOT_CLASS = YES_ERROR;
				CLANG_WARN_QUOTED_INCLUDE_IN_FRAMEWORK_HEADER = YES;
				CLANG_WARN_RANGE_LOOP_ANALYSIS = YES;
				CLANG_WARN_STRICT_PROTOTYPES = YES;
				CLANG_WARN_SUSPICIOUS_MOVE = YES;
				CLANG_WARN_UNGUARDED_AVAILABILITY = YES_AGGRESSIVE;
				CLANG_WARN_UNREACHABLE_CODE = YES;
				CLANG_WARN__DUPLICATE_METHOD_MATCH = YES;
				COPY_PHASE_STRIP = NO;
				DEBUG_INFORMATION_FORMAT = "dwarf-with-dsym";
				ENABLE_NS_ASSERTIONS = NO;
				ENABLE_STRICT_OBJC_MSGSEND = YES;
				GCC_C_LANGUAGE_STANDARD = gnu11;
				GCC_NO_COMMON_BLOCKS = YES;
				GCC_WARN_64_TO_32_BIT_CONVERSION = YES;
				GCC_WARN_ABOUT_RETURN_TYPE = YES_ERROR;
				GCC_WARN_UNDECLARED_SELECTOR = YES;
				GCC_WARN_UNINITIALIZED_AUTOS = YES_AGGRESSIVE;
				GCC_WARN_UNUSED_FUNCTION = YES;
				GCC_WARN_UNUSED_VARIABLE = YES;
				IPHONEOS_DEPLOYMENT_TARGET = 15.5;
				MTL_ENABLE_DEBUG_INFO = NO;
				MTL_FAST_MATH = YES;
				SDKROOT = iphoneos;
				SWIFT_COMPILATION_MODE = wholemodule;
				SWIFT_OPTIMIZATION_LEVEL = "-O";
				VALIDATE_PRODUCT = YES;
			};
			name = Release;
		};
		75FA249228B93CE300F09041 /* Debug */ = {
			isa = XCBuildConfiguration;
			buildSettings = {
				ASSETCATALOG_COMPILER_APPICON_NAME = AppIcon;
				ASSETCATALOG_COMPILER_GLOBAL_ACCENT_COLOR_NAME = AccentColor;
				CODE_SIGN_STYLE = Automatic;
				CURRENT_PROJECT_VERSION = 1;
				DEVELOPMENT_TEAM = X89M6X46Y8;
				GENERATE_INFOPLIST_FILE = YES;
				INFOPLIST_FILE = SmallBiz/Info.plist;
				INFOPLIST_KEY_UIApplicationSupportsIndirectInputEvents = YES;
				INFOPLIST_KEY_UILaunchStoryboardName = LaunchScreen;
				INFOPLIST_KEY_UIMainStoryboardFile = Main;
				INFOPLIST_KEY_UISupportedInterfaceOrientations_iPad = "UIInterfaceOrientationPortrait UIInterfaceOrientationPortraitUpsideDown UIInterfaceOrientationLandscapeLeft UIInterfaceOrientationLandscapeRight";
				INFOPLIST_KEY_UISupportedInterfaceOrientations_iPhone = "UIInterfaceOrientationPortrait UIInterfaceOrientationLandscapeLeft UIInterfaceOrientationLandscapeRight";
				LD_RUNPATH_SEARCH_PATHS = (
					"$(inherited)",
					"@executable_path/Frameworks",
				);
				MARKETING_VERSION = 1.0;
				PRODUCT_BUNDLE_IDENTIFIER = com.SwappDev.SmallBiz;
				PRODUCT_NAME = "$(TARGET_NAME)";
				SWIFT_EMIT_LOC_STRINGS = YES;
				SWIFT_VERSION = 5.0;
				TARGETED_DEVICE_FAMILY = "1,2";
			};
			name = Debug;
		};
		75FA249328B93CE300F09041 /* Release */ = {
			isa = XCBuildConfiguration;
			buildSettings = {
				ASSETCATALOG_COMPILER_APPICON_NAME = AppIcon;
				ASSETCATALOG_COMPILER_GLOBAL_ACCENT_COLOR_NAME = AccentColor;
				CODE_SIGN_STYLE = Automatic;
				CURRENT_PROJECT_VERSION = 1;
				DEVELOPMENT_TEAM = X89M6X46Y8;
				GENERATE_INFOPLIST_FILE = YES;
				INFOPLIST_FILE = SmallBiz/Info.plist;
				INFOPLIST_KEY_UIApplicationSupportsIndirectInputEvents = YES;
				INFOPLIST_KEY_UILaunchStoryboardName = LaunchScreen;
				INFOPLIST_KEY_UIMainStoryboardFile = Main;
				INFOPLIST_KEY_UISupportedInterfaceOrientations_iPad = "UIInterfaceOrientationPortrait UIInterfaceOrientationPortraitUpsideDown UIInterfaceOrientationLandscapeLeft UIInterfaceOrientationLandscapeRight";
				INFOPLIST_KEY_UISupportedInterfaceOrientations_iPhone = "UIInterfaceOrientationPortrait UIInterfaceOrientationLandscapeLeft UIInterfaceOrientationLandscapeRight";
				LD_RUNPATH_SEARCH_PATHS = (
					"$(inherited)",
					"@executable_path/Frameworks",
				);
				MARKETING_VERSION = 1.0;
				PRODUCT_BUNDLE_IDENTIFIER = com.SwappDev.SmallBiz;
				PRODUCT_NAME = "$(TARGET_NAME)";
				SWIFT_EMIT_LOC_STRINGS = YES;
				SWIFT_VERSION = 5.0;
				TARGETED_DEVICE_FAMILY = "1,2";
			};
			name = Release;
		};
/* End XCBuildConfiguration section */

/* Begin XCConfigurationList section */
		75FA247828B93CE000F09041 /* Build configuration list for PBXProject "SmallBiz" */ = {
			isa = XCConfigurationList;
			buildConfigurations = (
				75FA248F28B93CE300F09041 /* Debug */,
				75FA249028B93CE300F09041 /* Release */,
			);
			defaultConfigurationIsVisible = 0;
			defaultConfigurationName = Release;
		};
		75FA249128B93CE300F09041 /* Build configuration list for PBXNativeTarget "SmallBiz" */ = {
			isa = XCConfigurationList;
			buildConfigurations = (
				75FA249228B93CE300F09041 /* Debug */,
				75FA249328B93CE300F09041 /* Release */,
			);
			defaultConfigurationIsVisible = 0;
			defaultConfigurationName = Release;
		};
/* End XCConfigurationList section */
	};
	rootObject = 75FA247528B93CE000F09041 /* Project object */;
}
